
Microsoft Visual Studio Solution File, Format Version 12.00
# Visual Studio Version 17
VisualStudioVersion = 17.8.34330.188
MinimumVisualStudioVersion = 10.0.40219.1
Project("{FAE04EC0-301F-11D3-BF4B-00C04F79EFBC}") = "Lab1_1", "Lab1_1\Lab1_1.csproj", "{33F05F41-CC4B-479C-A1A3-CE71013E29AD}"
EndProject
Project("{FAE04EC0-301F-11D3-BF4B-00C04F79EFBC}") = "Lab1_2", "Lab1_2\Lab1_2.csproj", "{7A5CC3A5-53B7-47C2-B143-A9F42DB9AB8F}"
EndProject
Project("{FAE04EC0-301F-11D3-BF4B-00C04F79EFBC}") = "Lab1_3", "Lab1_3\Lab1_3.csproj", "{1A32A3D0-2680-4942-9CB2-FA49E07A7012}"
EndProject
Project("{FAE04EC0-301F-11D3-BF4B-00C04F79EFBC}") = "Lesson01_02Theory", "Lesson01_02Theory\Lesson01_02Theory.csproj", "{84338E37-7499-4295-BB7C-FE8F907593AB}"
EndProject
Global
	GlobalSection(SolutionConfigurationPlatforms) = preSolution
		Debug|Any CPU = Debug|Any CPU
		Release|Any CPU = Release|Any CPU
	EndGlobalSection
	GlobalSection(ProjectConfigurationPlatforms) = postSolution
		{33F05F41-CC4B-479C-A1A3-CE71013E29AD}.Debug|Any CPU.ActiveCfg = Debug|Any CPU
		{33F05F41-CC4B-479C-A1A3-CE71013E29AD}.Debug|Any CPU.Build.0 = Debug|Any CPU
		{33F05F41-CC4B-479C-A1A3-CE71013E29AD}.Release|Any CPU.ActiveCfg = Release|Any CPU
		{33F05F41-CC4B-479C-A1A3-CE71013E29AD}.Release|Any CPU.Build.0 = Release|Any CPU
		{7A5CC3A5-53B7-47C2-B143-A9F42DB9AB8F}.Debug|Any CPU.ActiveCfg = Debug|Any CPU
		{7A5CC3A5-53B7-47C2-B143-A9F42DB9AB8F}.Debug|Any CPU.Build.0 = Debug|Any CPU
		{7A5CC3A5-53B7-47C2-B143-A9F42DB9AB8F}.Release|Any CPU.ActiveCfg = Release|Any CPU
		{7A5CC3A5-53B7-47C2-B143-A9F42DB9AB8F}.Release|Any CPU.Build.0 = Release|Any CPU
		{1A32A3D0-2680-4942-9CB2-FA49E07A7012}.Debug|Any CPU.ActiveCfg = Debug|Any CPU
		{1A32A3D0-2680-4942-9CB2-FA49E07A7012}.Debug|Any CPU.Build.0 = Debug|Any CPU
		{1A32A3D0-2680-4942-9CB2-FA49E07A7012}.Release|Any CPU.ActiveCfg = Release|Any CPU
		{1A32A3D0-2680-4942-9CB2-FA49E07A7012}.Release|Any CPU.Build.0 = Release|Any CPU
		{84338E37-7499-4295-BB7C-FE8F907593AB}.Debug|Any CPU.ActiveCfg = Debug|Any CPU
		{84338E37-7499-4295-BB7C-FE8F907593AB}.Debug|Any CPU.Build.0 = Debug|Any CPU
		{84338E37-7499-4295-BB7C-FE8F907593AB}.Release|Any CPU.ActiveCfg = Release|Any CPU
		{84338E37-7499-4295-BB7C-FE8F907593AB}.Release|Any CPU.Build.0 = Release|Any CPU
	EndGlobalSection
	GlobalSection(SolutionProperties) = preSolution
		HideSolutionNode = FALSE
	EndGlobalSection
	GlobalSection(ExtensibilityGlobals) = postSolution
		SolutionGuid = {8D37BB58-1876-4838-AA94-E662B0A6FE95}
	EndGlobalSection
EndGlobal
