
Microsoft Visual Studio Solution File, Format Version 12.00
# Visual Studio Version 17
VisualStudioVersion = 17.9.34622.214
MinimumVisualStudioVersion = 10.0.40219.1
Project("{FAE04EC0-301F-11D3-BF4B-00C04F79EFBC}") = "Lesson09_lab02", "Lesson09_lab02\Lesson09_lab02.csproj", "{B02486F4-8AF0-42CB-AFF3-584E22455168}"
EndProject
Global
	GlobalSection(SolutionConfigurationPlatforms) = preSolution
		Debug|Any CPU = Debug|Any CPU
		Release|Any CPU = Release|Any CPU
	EndGlobalSection
	GlobalSection(ProjectConfigurationPlatforms) = postSolution
		{B02486F4-8AF0-42CB-AFF3-584E22455168}.Debug|Any CPU.ActiveCfg = Debug|Any CPU
		{B02486F4-8AF0-42CB-AFF3-584E22455168}.Debug|Any CPU.Build.0 = Debug|Any CPU
		{B02486F4-8AF0-42CB-AFF3-584E22455168}.Release|Any CPU.ActiveCfg = Release|Any CPU
		{B02486F4-8AF0-42CB-AFF3-584E22455168}.Release|Any CPU.Build.0 = Release|Any CPU
	EndGlobalSection
	GlobalSection(SolutionProperties) = preSolution
		HideSolutionNode = FALSE
	EndGlobalSection
	GlobalSection(ExtensibilityGlobals) = postSolution
		SolutionGuid = {E5856192-EC66-4D11-B918-1EC6200FDE22}
	EndGlobalSection
EndGlobal
