
Microsoft Visual Studio Solution File, Format Version 12.00
# Visual Studio Version 17
VisualStudioVersion = 17.8.34330.188
MinimumVisualStudioVersion = 10.0.40219.1
Project("{FAE04EC0-301F-11D3-BF4B-00C04F79EFBC}") = "Test", "Test\Test.csproj", "{EA7E0C1A-A183-4477-ACF4-45F10D5195BB}"
EndProject
Global
	GlobalSection(SolutionConfigurationPlatforms) = preSolution
		Debug|Any CPU = Debug|Any CPU
		Release|Any CPU = Release|Any CPU
	EndGlobalSection
	GlobalSection(ProjectConfigurationPlatforms) = postSolution
		{EA7E0C1A-A183-4477-ACF4-45F10D5195BB}.Debug|Any CPU.ActiveCfg = Debug|Any CPU
		{EA7E0C1A-A183-4477-ACF4-45F10D5195BB}.Debug|Any CPU.Build.0 = Debug|Any CPU
		{EA7E0C1A-A183-4477-ACF4-45F10D5195BB}.Release|Any CPU.ActiveCfg = Release|Any CPU
		{EA7E0C1A-A183-4477-ACF4-45F10D5195BB}.Release|Any CPU.Build.0 = Release|Any CPU
	EndGlobalSection
	GlobalSection(SolutionProperties) = preSolution
		HideSolutionNode = FALSE
	EndGlobalSection
	GlobalSection(ExtensibilityGlobals) = postSolution
		SolutionGuid = {931765A3-D450-42C9-8D1D-3F99334ED69D}
	EndGlobalSection
EndGlobal
