
Microsoft Visual Studio Solution File, Format Version 12.00
# Visual Studio Version 17
VisualStudioVersion = 17.8.34330.188
MinimumVisualStudioVersion = 10.0.40219.1
Project("{FAE04EC0-301F-11D3-BF4B-00C04F79EFBC}") = "Lesson01", "Lesson01\Lesson01.csproj", "{532A26E1-9C0C-46E7-9E3F-AB287218EBB5}"
EndProject
Project("{FAE04EC0-301F-11D3-BF4B-00C04F79EFBC}") = "Lesson01_MVC", "Lesson01_MVC\Lesson01_MVC.csproj", "{2C2A389C-F53B-4EBC-904A-A6892D8FE5A2}"
EndProject
Project("{FAE04EC0-301F-11D3-BF4B-00C04F79EFBC}") = "Lesson01_Lab01", "Lesson01_Lab01\Lesson01_Lab01.csproj", "{F01692CC-60F2-4119-907D-FB3AE6458C33}"
EndProject
Global
	GlobalSection(SolutionConfigurationPlatforms) = preSolution
		Debug|Any CPU = Debug|Any CPU
		Release|Any CPU = Release|Any CPU
	EndGlobalSection
	GlobalSection(ProjectConfigurationPlatforms) = postSolution
		{532A26E1-9C0C-46E7-9E3F-AB287218EBB5}.Debug|Any CPU.ActiveCfg = Debug|Any CPU
		{532A26E1-9C0C-46E7-9E3F-AB287218EBB5}.Debug|Any CPU.Build.0 = Debug|Any CPU
		{532A26E1-9C0C-46E7-9E3F-AB287218EBB5}.Release|Any CPU.ActiveCfg = Release|Any CPU
		{532A26E1-9C0C-46E7-9E3F-AB287218EBB5}.Release|Any CPU.Build.0 = Release|Any CPU
		{2C2A389C-F53B-4EBC-904A-A6892D8FE5A2}.Debug|Any CPU.ActiveCfg = Debug|Any CPU
		{2C2A389C-F53B-4EBC-904A-A6892D8FE5A2}.Debug|Any CPU.Build.0 = Debug|Any CPU
		{2C2A389C-F53B-4EBC-904A-A6892D8FE5A2}.Release|Any CPU.ActiveCfg = Release|Any CPU
		{2C2A389C-F53B-4EBC-904A-A6892D8FE5A2}.Release|Any CPU.Build.0 = Release|Any CPU
		{F01692CC-60F2-4119-907D-FB3AE6458C33}.Debug|Any CPU.ActiveCfg = Debug|Any CPU
		{F01692CC-60F2-4119-907D-FB3AE6458C33}.Debug|Any CPU.Build.0 = Debug|Any CPU
		{F01692CC-60F2-4119-907D-FB3AE6458C33}.Release|Any CPU.ActiveCfg = Release|Any CPU
		{F01692CC-60F2-4119-907D-FB3AE6458C33}.Release|Any CPU.Build.0 = Release|Any CPU
	EndGlobalSection
	GlobalSection(SolutionProperties) = preSolution
		HideSolutionNode = FALSE
	EndGlobalSection
	GlobalSection(ExtensibilityGlobals) = postSolution
		SolutionGuid = {4A4908C1-B9C3-4360-85AD-4F0D526CF38C}
	EndGlobalSection
EndGlobal
